%{
  "csv": {:hex, :csv, "2.1.1", "a4c1a7c30d2151b6e4976cb2f52c0a1d49ec965afb737ed84a684bc4284d1627", [:mix], [{:parallel_stream, "~> 1.0.4", [hex: :parallel_stream, repo: "hexpm", optional: false]}], "hexpm"},
  "earmark": {:hex, :earmark, "1.2.6", "b6da42b3831458d3ecc57314dff3051b080b9b2be88c2e5aa41cd642a5b044ed", [:mix], [], "hexpm"},
  "erlsom": {:hex, :erlsom, "1.4.1", "53dbacf35adfea6f0714fd0e4a7b0720d495e88c5e24e12c5dc88c7b62bd3e49", [:rebar3], []},
  "ex_doc": {:hex, :ex_doc, "0.19.1", "519bb9c19526ca51d326c060cb1778d4a9056b190086a8c6c115828eaccea6cf", [:mix], [{:earmark, "~> 1.1", [hex: :earmark, repo: "hexpm", optional: false]}, {:makeup_elixir, "~> 0.7", [hex: :makeup_elixir, repo: "hexpm", optional: false]}], "hexpm"},
  "fast_xml": {:hex, :fast_xml, "1.1.15", "6d23eb7f874e1357cf80a48d75a7bd0c8f6318029dc4b70122e9f54911f57f83", [:rebar3], [{:p1_utils, "1.0.5", [hex: :p1_utils, optional: false]}]},
  "iconv": {:hex, :iconv, "1.0.2", "a0792f06ab4b5ea1b5bb49789405739f1281a91c44cf3879cb70e4d777666217", [:rebar3], [{:p1_utils, "1.0.5", [hex: :p1_utils, optional: false]}]},
  "makeup": {:hex, :makeup, "0.5.5", "9e08dfc45280c5684d771ad58159f718a7b5788596099bdfb0284597d368a882", [:mix], [{:nimble_parsec, "~> 0.4", [hex: :nimble_parsec, repo: "hexpm", optional: false]}], "hexpm"},
  "makeup_elixir": {:hex, :makeup_elixir, "0.10.0", "0f09c2ddf352887a956d84f8f7e702111122ca32fbbc84c2f0569b8b65cbf7fa", [:mix], [{:makeup, "~> 0.5.5", [hex: :makeup, repo: "hexpm", optional: false]}], "hexpm"},
  "nimble_parsec": {:hex, :nimble_parsec, "0.4.0", "ee261bb53214943679422be70f1658fff573c5d0b0a1ecd0f18738944f818efe", [:mix], [], "hexpm"},
  "p1_utils": {:hex, :p1_utils, "1.0.5", "3e698354fdc1fea5491d991457b0cb986c0a00a47d224feb841dc3ec82b9f721", [:rebar3], []},
  "parallel_stream": {:hex, :parallel_stream, "1.0.6", "b967be2b23f0f6787fab7ed681b4c45a215a81481fb62b01a5b750fa8f30f76c", [:mix], [], "hexpm"},
  "xlsxir": {:hex, :xlsxir, "1.6.2", "18459faf8009d78363bdee1948a0f25631aec604d70d343fc3ad3c22c2a8df77", [:mix], [{:erlsom, "~> 1.4", [hex: :erlsom, repo: "hexpm", optional: false]}], "hexpm"},
}
